
Microsoft Visual Studio Solution File, Format Version 12.00
# Visual Studio Version 16
VisualStudioVersion = 16.0.29905.134
MinimumVisualStudioVersion = 10.0.40219.1
Project("{FAE04EC0-301F-11D3-BF4B-00C04F79EFBC}") = "MyBDD", "MyBDD\MyBDD.csproj", "{3E1C75E8-479C-4B2F-BDE4-E514257D96D8}"
EndProject
Global
	GlobalSection(SolutionConfigurationPlatforms) = preSolution
		Debug|Any CPU = Debug|Any CPU
		Release|Any CPU = Release|Any CPU
	EndGlobalSection
	GlobalSection(ProjectConfigurationPlatforms) = postSolution
		{3E1C75E8-479C-4B2F-BDE4-E514257D96D8}.Debug|Any CPU.ActiveCfg = Debug|Any CPU
		{3E1C75E8-479C-4B2F-BDE4-E514257D96D8}.Debug|Any CPU.Build.0 = Debug|Any CPU
		{3E1C75E8-479C-4B2F-BDE4-E514257D96D8}.Release|Any CPU.ActiveCfg = Release|Any CPU
		{3E1C75E8-479C-4B2F-BDE4-E514257D96D8}.Release|Any CPU.Build.0 = Release|Any CPU
	EndGlobalSection
	GlobalSection(SolutionProperties) = preSolution
		HideSolutionNode = FALSE
	EndGlobalSection
	GlobalSection(ExtensibilityGlobals) = postSolution
		SolutionGuid = {F3EF2CDC-4E84-4F38-BA1B-C34341DC51B6}
	EndGlobalSection
EndGlobal
